{
  "name": "otherfunction",
  "version": "1.0.0",
  "lockfileVersion": 2,
  "requires": true,
  "packages": {
    "": {
      "name": "otherfunction",
      "version": "1.0.0",
      "license": "ISC",
      "dependencies": {
        "@middy/core": "^4.0.9"
      }
    },
    "node_modules/@middy/core": {
      "version": "4.0.9",
      "resolved": "https://registry.npmjs.org/@middy/core/-/core-4.0.9.tgz",
      "integrity": "sha512-DZjkBhBJD82UmkFgOebtlluiYpHSYGYVShNvfLUMI8u2pqKu4t00C0oPtYCVsIhU2gyhSdFP4THMD58jn01SIA==",
      "engines": {
        "node": ">=16"
      }
    }
  },
  "dependencies": {
    "@middy/core": {
      "version": "4.0.9",
      "resolved": "https://registry.npmjs.org/@middy/core/-/core-4.0.9.tgz",
      "integrity": "sha512-DZjkBhBJD82UmkFgOebtlluiYpHSYGYVShNvfLUMI8u2pqKu4t00C0oPtYCVsIhU2gyhSdFP4THMD58jn01SIA=="
    }
  }
}
